
Microsoft Visual Studio Solution File, Format Version 12.00
# Visual Studio Version 17
VisualStudioVersion = 17.8.34525.116
MinimumVisualStudioVersion = 10.0.40219.1
Project("{FAE04EC0-301F-11D3-BF4B-00C04F79EFBC}") = "RentCar.Web", "RentCar.Web.csproj", "{44EF5AD1-F156-4496-82C9-0F99102710C9}"
EndProject
Project("{FAE04EC0-301F-11D3-BF4B-00C04F79EFBC}") = "RentCar.BusinessLogic", "..\RentCar.BusinessLogic\RentCar.BusinessLogic.csproj", "{EBDB45E5-FD13-42CE-835B-8E40BF84C1CF}"
EndProject
Project("{FAE04EC0-301F-11D3-BF4B-00C04F79EFBC}") = "RentCar.Domain", "..\RentCar.Domain\RentCar.Domain.csproj", "{CF3BF306-E4EB-41E7-9975-576002597288}"
EndProject
Project("{FAE04EC0-301F-11D3-BF4B-00C04F79EFBC}") = "RentCar.Helpers", "..\RentCar.Helpers\RentCar.Helpers.csproj", "{13C85F7F-60E8-494A-875C-7069C3376CCE}"
EndProject
Global
	GlobalSection(SolutionConfigurationPlatforms) = preSolution
		Debug|Any CPU = Debug|Any CPU
		Release|Any CPU = Release|Any CPU
	EndGlobalSection
	GlobalSection(ProjectConfigurationPlatforms) = postSolution
		{44EF5AD1-F156-4496-82C9-0F99102710C9}.Debug|Any CPU.ActiveCfg = Debug|Any CPU
		{44EF5AD1-F156-4496-82C9-0F99102710C9}.Debug|Any CPU.Build.0 = Debug|Any CPU
		{44EF5AD1-F156-4496-82C9-0F99102710C9}.Release|Any CPU.ActiveCfg = Release|Any CPU
		{44EF5AD1-F156-4496-82C9-0F99102710C9}.Release|Any CPU.Build.0 = Release|Any CPU
		{EBDB45E5-FD13-42CE-835B-8E40BF84C1CF}.Debug|Any CPU.ActiveCfg = Debug|Any CPU
		{EBDB45E5-FD13-42CE-835B-8E40BF84C1CF}.Debug|Any CPU.Build.0 = Debug|Any CPU
		{EBDB45E5-FD13-42CE-835B-8E40BF84C1CF}.Release|Any CPU.ActiveCfg = Release|Any CPU
		{EBDB45E5-FD13-42CE-835B-8E40BF84C1CF}.Release|Any CPU.Build.0 = Release|Any CPU
		{CF3BF306-E4EB-41E7-9975-576002597288}.Debug|Any CPU.ActiveCfg = Debug|Any CPU
		{CF3BF306-E4EB-41E7-9975-576002597288}.Debug|Any CPU.Build.0 = Debug|Any CPU
		{CF3BF306-E4EB-41E7-9975-576002597288}.Release|Any CPU.ActiveCfg = Release|Any CPU
		{CF3BF306-E4EB-41E7-9975-576002597288}.Release|Any CPU.Build.0 = Release|Any CPU
		{13C85F7F-60E8-494A-875C-7069C3376CCE}.Debug|Any CPU.ActiveCfg = Debug|Any CPU
		{13C85F7F-60E8-494A-875C-7069C3376CCE}.Debug|Any CPU.Build.0 = Debug|Any CPU
		{13C85F7F-60E8-494A-875C-7069C3376CCE}.Release|Any CPU.ActiveCfg = Release|Any CPU
		{13C85F7F-60E8-494A-875C-7069C3376CCE}.Release|Any CPU.Build.0 = Release|Any CPU
	EndGlobalSection
	GlobalSection(SolutionProperties) = preSolution
		HideSolutionNode = FALSE
	EndGlobalSection
	GlobalSection(ExtensibilityGlobals) = postSolution
		SolutionGuid = {8C8DC59A-F80A-48BF-A61D-C8E8CA5CFCFA}
	EndGlobalSection
EndGlobal
